
Microsoft Visual Studio Solution File, Format Version 12.00
# Visual Studio Version 16
VisualStudioVersion = 16.0.31205.134
MinimumVisualStudioVersion = 10.0.40219.1
Project("{FAE04EC0-301F-11D3-BF4B-00C04F79EFBC}") = "week08-2", "week08-2\week08-2.csproj", "{171EDCB0-C087-412F-B9A6-177B0B148528}"
EndProject
Global
	GlobalSection(SolutionConfigurationPlatforms) = preSolution
		Debug|Any CPU = Debug|Any CPU
		Release|Any CPU = Release|Any CPU
	EndGlobalSection
	GlobalSection(ProjectConfigurationPlatforms) = postSolution
		{171EDCB0-C087-412F-B9A6-177B0B148528}.Debug|Any CPU.ActiveCfg = Debug|Any CPU
		{171EDCB0-C087-412F-B9A6-177B0B148528}.Debug|Any CPU.Build.0 = Debug|Any CPU
		{171EDCB0-C087-412F-B9A6-177B0B148528}.Release|Any CPU.ActiveCfg = Release|Any CPU
		{171EDCB0-C087-412F-B9A6-177B0B148528}.Release|Any CPU.Build.0 = Release|Any CPU
	EndGlobalSection
	GlobalSection(SolutionProperties) = preSolution
		HideSolutionNode = FALSE
	EndGlobalSection
	GlobalSection(ExtensibilityGlobals) = postSolution
		SolutionGuid = {C276A504-746E-4E1E-B28C-CF2E4A2753C1}
	EndGlobalSection
EndGlobal
